// !$*UTF8*$!
{
	archiveVersion = 1;
	classes = {
	};
	objectVersion = 46;
	objects = {

/* Begin PBXBuildFile section */
		4C02A9291D935A6C006960AF /* main.swift in Sources */ = {isa = PBXBuildFile; fileRef = 4C02A9281D935A6C006960AF /* main.swift */; };
		4C02A9341D935F00006960AF /* main.swift in Sources */ = {isa = PBXBuildFile; fileRef = 4C02A9331D935F00006960AF /* main.swift */; };
		4C02A93F1D936CAB006960AF /* main.swift in Sources */ = {isa = PBXBuildFile; fileRef = 4C02A93E1D936CAB006960AF /* main.swift */; };
		4CA75DB91D94A6E4001407A1 /* main.swift in Sources */ = {isa = PBXBuildFile; fileRef = 4CA75DB81D94A6E4001407A1 /* main.swift */; };
		4CA75DC41D94A922001407A1 /* main.swift in Sources */ = {isa = PBXBuildFile; fileRef = 4CA75DC31D94A922001407A1 /* main.swift */; };
		4CA75DCF1D94AE9D001407A1 /* main.swift in Sources */ = {isa = PBXBuildFile; fileRef = 4CA75DCE1D94AE9D001407A1 /* main.swift */; };
		4CA75DDA1D94B0A2001407A1 /* main.swift in Sources */ = {isa = PBXBuildFile; fileRef = 4CA75DD91D94B0A2001407A1 /* main.swift */; };
		4CA75DE51D94B178001407A1 /* main.swift in Sources */ = {isa = PBXBuildFile; fileRef = 4CA75DE41D94B178001407A1 /* main.swift */; };
		4CA75DF01D94B1BA001407A1 /* main.swift in Sources */ = {isa = PBXBuildFile; fileRef = 4CA75DEF1D94B1BA001407A1 /* main.swift */; };
		4CA75DFB1D94B824001407A1 /* main.swift in Sources */ = {isa = PBXBuildFile; fileRef = 4CA75DFA1D94B824001407A1 /* main.swift */; };
		4CA75E061D94BB5F001407A1 /* main.swift in Sources */ = {isa = PBXBuildFile; fileRef = 4CA75E051D94BB5F001407A1 /* main.swift */; };
		DC27DDA11D93FEC000B2AC52 /* main.swift in Sources */ = {isa = PBXBuildFile; fileRef = DC27DDA01D93FEC000B2AC52 /* main.swift */; };
		DC27DDAC1D9401E100B2AC52 /* main.swift in Sources */ = {isa = PBXBuildFile; fileRef = DC27DDAB1D9401E100B2AC52 /* main.swift */; };
		DC27DDB71D94050600B2AC52 /* main.swift in Sources */ = {isa = PBXBuildFile; fileRef = DC27DDB61D94050600B2AC52 /* main.swift */; };
		DC27DDC21D9412E100B2AC52 /* main.swift in Sources */ = {isa = PBXBuildFile; fileRef = DC27DDC11D9412E100B2AC52 /* main.swift */; };
		DC27DDCD1D94141500B2AC52 /* main.swift in Sources */ = {isa = PBXBuildFile; fileRef = DC27DDCC1D94141500B2AC52 /* main.swift */; };
		DC27DDD81D94152D00B2AC52 /* main.swift in Sources */ = {isa = PBXBuildFile; fileRef = DC27DDD71D94152D00B2AC52 /* main.swift */; };
		DC27DDE31D9484EC00B2AC52 /* main.swift in Sources */ = {isa = PBXBuildFile; fileRef = DC27DDE21D9484EC00B2AC52 /* main.swift */; };
		DC27DDEE1D94899F00B2AC52 /* main.swift in Sources */ = {isa = PBXBuildFile; fileRef = DC27DDED1D94899F00B2AC52 /* main.swift */; };
		DC27DDF91D955B0A00B2AC52 /* main.swift in Sources */ = {isa = PBXBuildFile; fileRef = DC27DDF81D955B0A00B2AC52 /* main.swift */; };
/* End PBXBuildFile section */

/* Begin PBXCopyFilesBuildPhase section */
		4C02A9001D934E61006960AF /* CopyFiles */ = {
			isa = PBXCopyFilesBuildPhase;
			buildActionMask = 2147483647;
			dstPath = /usr/share/man/man1/;
			dstSubfolderSpec = 0;
			files = (
			);
			runOnlyForDeploymentPostprocessing = 1;
		};
		4C02A9191D93571B006960AF /* CopyFiles */ = {
			isa = PBXCopyFilesBuildPhase;
			buildActionMask = 2147483647;
			dstPath = /usr/share/man/man1/;
			dstSubfolderSpec = 0;
			files = (
			);
			runOnlyForDeploymentPostprocessing = 1;
		};
		4C02A9241D935A6C006960AF /* CopyFiles */ = {
			isa = PBXCopyFilesBuildPhase;
			buildActionMask = 2147483647;
			dstPath = /usr/share/man/man1/;
			dstSubfolderSpec = 0;
			files = (
			);
			runOnlyForDeploymentPostprocessing = 1;
		};
		4C02A92F1D935F00006960AF /* CopyFiles */ = {
			isa = PBXCopyFilesBuildPhase;
			buildActionMask = 2147483647;
			dstPath = /usr/share/man/man1/;
			dstSubfolderSpec = 0;
			files = (
			);
			runOnlyForDeploymentPostprocessing = 1;
		};
		4C02A93A1D936CAB006960AF /* CopyFiles */ = {
			isa = PBXCopyFilesBuildPhase;
			buildActionMask = 2147483647;
			dstPath = /usr/share/man/man1/;
			dstSubfolderSpec = 0;
			files = (
			);
			runOnlyForDeploymentPostprocessing = 1;
		};
		4CA75DB41D94A6E4001407A1 /* CopyFiles */ = {
			isa = PBXCopyFilesBuildPhase;
			buildActionMask = 2147483647;
			dstPath = /usr/share/man/man1/;
			dstSubfolderSpec = 0;
			files = (
			);
			runOnlyForDeploymentPostprocessing = 1;
		};
		4CA75DBF1D94A922001407A1 /* CopyFiles */ = {
			isa = PBXCopyFilesBuildPhase;
			buildActionMask = 2147483647;
			dstPath = /usr/share/man/man1/;
			dstSubfolderSpec = 0;
			files = (
			);
			runOnlyForDeploymentPostprocessing = 1;
		};
		4CA75DCA1D94AE9D001407A1 /* CopyFiles */ = {
			isa = PBXCopyFilesBuildPhase;
			buildActionMask = 2147483647;
			dstPath = /usr/share/man/man1/;
			dstSubfolderSpec = 0;
			files = (
			);
			runOnlyForDeploymentPostprocessing = 1;
		};
		4CA75DD51D94B0A2001407A1 /* CopyFiles */ = {
			isa = PBXCopyFilesBuildPhase;
			buildActionMask = 2147483647;
			dstPath = /usr/share/man/man1/;
			dstSubfolderSpec = 0;
			files = (
			);
			runOnlyForDeploymentPostprocessing = 1;
		};
		4CA75DE01D94B178001407A1 /* CopyFiles */ = {
			isa = PBXCopyFilesBuildPhase;
			buildActionMask = 2147483647;
			dstPath = /usr/share/man/man1/;
			dstSubfolderSpec = 0;
			files = (
			);
			runOnlyForDeploymentPostprocessing = 1;
		};
		4CA75DEB1D94B1BA001407A1 /* CopyFiles */ = {
			isa = PBXCopyFilesBuildPhase;
			buildActionMask = 2147483647;
			dstPath = /usr/share/man/man1/;
			dstSubfolderSpec = 0;
			files = (
			);
			runOnlyForDeploymentPostprocessing = 1;
		};
		4CA75DF61D94B824001407A1 /* CopyFiles */ = {
			isa = PBXCopyFilesBuildPhase;
			buildActionMask = 2147483647;
			dstPath = /usr/share/man/man1/;
			dstSubfolderSpec = 0;
			files = (
			);
			runOnlyForDeploymentPostprocessing = 1;
		};
		4CA75E011D94BB5F001407A1 /* CopyFiles */ = {
			isa = PBXCopyFilesBuildPhase;
			buildActionMask = 2147483647;
			dstPath = /usr/share/man/man1/;
			dstSubfolderSpec = 0;
			files = (
			);
			runOnlyForDeploymentPostprocessing = 1;
		};
		DC27DD9C1D93FEC000B2AC52 /* CopyFiles */ = {
			isa = PBXCopyFilesBuildPhase;
			buildActionMask = 2147483647;
			dstPath = /usr/share/man/man1/;
			dstSubfolderSpec = 0;
			files = (
			);
			runOnlyForDeploymentPostprocessing = 1;
		};
		DC27DDA71D9401E100B2AC52 /* CopyFiles */ = {
			isa = PBXCopyFilesBuildPhase;
			buildActionMask = 2147483647;
			dstPath = /usr/share/man/man1/;
			dstSubfolderSpec = 0;
			files = (
			);
			runOnlyForDeploymentPostprocessing = 1;
		};
		DC27DDB21D94050600B2AC52 /* CopyFiles */ = {
			isa = PBXCopyFilesBuildPhase;
			buildActionMask = 2147483647;
			dstPath = /usr/share/man/man1/;
			dstSubfolderSpec = 0;
			files = (
			);
			runOnlyForDeploymentPostprocessing = 1;
		};
		DC27DDBD1D9412E100B2AC52 /* CopyFiles */ = {
			isa = PBXCopyFilesBuildPhase;
			buildActionMask = 2147483647;
			dstPath = /usr/share/man/man1/;
			dstSubfolderSpec = 0;
			files = (
			);
			runOnlyForDeploymentPostprocessing = 1;
		};
		DC27DDC81D94141500B2AC52 /* CopyFiles */ = {
			isa = PBXCopyFilesBuildPhase;
			buildActionMask = 2147483647;
			dstPath = /usr/share/man/man1/;
			dstSubfolderSpec = 0;
			files = (
			);
			runOnlyForDeploymentPostprocessing = 1;
		};
		DC27DDD31D94152D00B2AC52 /* CopyFiles */ = {
			isa = PBXCopyFilesBuildPhase;
			buildActionMask = 2147483647;
			dstPath = /usr/share/man/man1/;
			dstSubfolderSpec = 0;
			files = (
			);
			runOnlyForDeploymentPostprocessing = 1;
		};
		DC27DDDE1D9484EC00B2AC52 /* CopyFiles */ = {
			isa = PBXCopyFilesBuildPhase;
			buildActionMask = 2147483647;
			dstPath = /usr/share/man/man1/;
			dstSubfolderSpec = 0;
			files = (
			);
			runOnlyForDeploymentPostprocessing = 1;
		};
		DC27DDE91D94899F00B2AC52 /* CopyFiles */ = {
			isa = PBXCopyFilesBuildPhase;
			buildActionMask = 2147483647;
			dstPath = /usr/share/man/man1/;
			dstSubfolderSpec = 0;
			files = (
			);
			runOnlyForDeploymentPostprocessing = 1;
		};
		DC27DDF41D955B0A00B2AC52 /* CopyFiles */ = {
			isa = PBXCopyFilesBuildPhase;
			buildActionMask = 2147483647;
			dstPath = /usr/share/man/man1/;
			dstSubfolderSpec = 0;
			files = (
			);
			runOnlyForDeploymentPostprocessing = 1;
		};
/* End PBXCopyFilesBuildPhase section */

/* Begin PBXFileReference section */
		4C02A9021D934E62006960AF /* Swift基础 */ = {isa = PBXFileReference; explicitFileType = "compiled.mach-o.executable"; includeInIndex = 0; path = "Swift基础"; sourceTree = BUILT_PRODUCTS_DIR; };
		4C02A91B1D93571B006960AF /* 字符串类型 */ = {isa = PBXFileReference; explicitFileType = "compiled.mach-o.executable"; includeInIndex = 0; path = "字符串类型"; sourceTree = BUILT_PRODUCTS_DIR; };
		4C02A9261D935A6C006960AF /* 数组 */ = {isa = PBXFileReference; explicitFileType = "compiled.mach-o.executable"; includeInIndex = 0; path = "数组"; sourceTree = BUILT_PRODUCTS_DIR; };
		4C02A9281D935A6C006960AF /* main.swift */ = {isa = PBXFileReference; lastKnownFileType = sourcecode.swift; path = main.swift; sourceTree = "<group>"; };
		4C02A9311D935F00006960AF /* 字典 */ = {isa = PBXFileReference; explicitFileType = "compiled.mach-o.executable"; includeInIndex = 0; path = "字典"; sourceTree = BUILT_PRODUCTS_DIR; };
		4C02A9331D935F00006960AF /* main.swift */ = {isa = PBXFileReference; lastKnownFileType = sourcecode.swift; path = main.swift; sourceTree = "<group>"; };
		4C02A93C1D936CAB006960AF /* Swift流程控制 */ = {isa = PBXFileReference; explicitFileType = "compiled.mach-o.executable"; includeInIndex = 0; path = "Swift流程控制"; sourceTree = BUILT_PRODUCTS_DIR; };
		4C02A93E1D936CAB006960AF /* main.swift */ = {isa = PBXFileReference; lastKnownFileType = sourcecode.swift; path = main.swift; sourceTree = "<group>"; };
		4CA75DB61D94A6E4001407A1 /* 15.字符串类型 */ = {isa = PBXFileReference; explicitFileType = "compiled.mach-o.executable"; includeInIndex = 0; path = "15.字符串类型"; sourceTree = BUILT_PRODUCTS_DIR; };
		4CA75DB81D94A6E4001407A1 /* main.swift */ = {isa = PBXFileReference; lastKnownFileType = sourcecode.swift; path = main.swift; sourceTree = "<group>"; };
		4CA75DC11D94A922001407A1 /* 16.截取字符串 */ = {isa = PBXFileReference; explicitFileType = "compiled.mach-o.executable"; includeInIndex = 0; path = "16.截取字符串"; sourceTree = BUILT_PRODUCTS_DIR; };
		4CA75DC31D94A922001407A1 /* main.swift */ = {isa = PBXFileReference; lastKnownFileType = sourcecode.swift; path = main.swift; sourceTree = "<group>"; };
		4CA75DCC1D94AE9D001407A1 /* 17.字符串分割 */ = {isa = PBXFileReference; explicitFileType = "compiled.mach-o.executable"; includeInIndex = 0; path = "17.字符串分割"; sourceTree = BUILT_PRODUCTS_DIR; };
		4CA75DCE1D94AE9D001407A1 /* main.swift */ = {isa = PBXFileReference; lastKnownFileType = sourcecode.swift; path = main.swift; sourceTree = "<group>"; };
		4CA75DD71D94B0A2001407A1 /* 2.浮点类型 */ = {isa = PBXFileReference; explicitFileType = "compiled.mach-o.executable"; includeInIndex = 0; path = "2.浮点类型"; sourceTree = BUILT_PRODUCTS_DIR; };
		4CA75DD91D94B0A2001407A1 /* main.swift */ = {isa = PBXFileReference; lastKnownFileType = sourcecode.swift; path = main.swift; sourceTree = "<group>"; };
		4CA75DE21D94B178001407A1 /* 1.整型类型 */ = {isa = PBXFileReference; explicitFileType = "compiled.mach-o.executable"; includeInIndex = 0; path = "1.整型类型"; sourceTree = BUILT_PRODUCTS_DIR; };
		4CA75DE41D94B178001407A1 /* main.swift */ = {isa = PBXFileReference; lastKnownFileType = sourcecode.swift; path = main.swift; sourceTree = "<group>"; };
		4CA75DED1D94B1BA001407A1 /* 3.字符串类型 */ = {isa = PBXFileReference; explicitFileType = "compiled.mach-o.executable"; includeInIndex = 0; path = "3.字符串类型"; sourceTree = BUILT_PRODUCTS_DIR; };
		4CA75DEF1D94B1BA001407A1 /* main.swift */ = {isa = PBXFileReference; lastKnownFileType = sourcecode.swift; path = main.swift; sourceTree = "<group>"; };
		4CA75DF81D94B824001407A1 /* 18.字符串分析 */ = {isa = PBXFileReference; explicitFileType = "compiled.mach-o.executable"; includeInIndex = 0; path = "18.字符串分析"; sourceTree = BUILT_PRODUCTS_DIR; };
		4CA75DFA1D94B824001407A1 /* main.swift */ = {isa = PBXFileReference; lastKnownFileType = sourcecode.swift; path = main.swift; sourceTree = "<group>"; };
		4CA75E031D94BB5F001407A1 /* 19.认识emoji */ = {isa = PBXFileReference; explicitFileType = "compiled.mach-o.executable"; includeInIndex = 0; path = "19.认识emoji"; sourceTree = BUILT_PRODUCTS_DIR; };
		4CA75E051D94BB5F001407A1 /* main.swift */ = {isa = PBXFileReference; lastKnownFileType = sourcecode.swift; path = main.swift; sourceTree = "<group>"; };
		DC27DD9E1D93FEC000B2AC52 /* switch循环 */ = {isa = PBXFileReference; explicitFileType = "compiled.mach-o.executable"; includeInIndex = 0; path = "switch循环"; sourceTree = BUILT_PRODUCTS_DIR; };
		DC27DDA01D93FEC000B2AC52 /* main.swift */ = {isa = PBXFileReference; lastKnownFileType = sourcecode.swift; path = main.swift; sourceTree = "<group>"; };
		DC27DDA91D9401E100B2AC52 /* optional可选参数 */ = {isa = PBXFileReference; explicitFileType = "compiled.mach-o.executable"; includeInIndex = 0; path = "optional可选参数"; sourceTree = BUILT_PRODUCTS_DIR; };
		DC27DDAB1D9401E100B2AC52 /* main.swift */ = {isa = PBXFileReference; lastKnownFileType = sourcecode.swift; path = main.swift; sourceTree = "<group>"; };
		DC27DDB41D94050600B2AC52 /* 9.optional可选参数拆包 */ = {isa = PBXFileReference; explicitFileType = "compiled.mach-o.executable"; includeInIndex = 0; path = "9.optional可选参数拆包"; sourceTree = BUILT_PRODUCTS_DIR; };
		DC27DDB61D94050600B2AC52 /* main.swift */ = {isa = PBXFileReference; lastKnownFileType = sourcecode.swift; path = main.swift; sourceTree = "<group>"; };
		DC27DDBF1D9412E100B2AC52 /* 10.认识swift函数 */ = {isa = PBXFileReference; explicitFileType = "compiled.mach-o.executable"; includeInIndex = 0; path = "10.认识swift函数"; sourceTree = BUILT_PRODUCTS_DIR; };
		DC27DDC11D9412E100B2AC52 /* main.swift */ = {isa = PBXFileReference; lastKnownFileType = sourcecode.swift; path = main.swift; sourceTree = "<group>"; };
		DC27DDCA1D94141500B2AC52 /* 11.有参数的函数 */ = {isa = PBXFileReference; explicitFileType = "compiled.mach-o.executable"; includeInIndex = 0; path = "11.有参数的函数"; sourceTree = BUILT_PRODUCTS_DIR; };
		DC27DDCC1D94141500B2AC52 /* main.swift */ = {isa = PBXFileReference; lastKnownFileType = sourcecode.swift; path = main.swift; sourceTree = "<group>"; };
		DC27DDD51D94152D00B2AC52 /* 12.有返回值的函数 */ = {isa = PBXFileReference; explicitFileType = "compiled.mach-o.executable"; includeInIndex = 0; path = "12.有返回值的函数"; sourceTree = BUILT_PRODUCTS_DIR; };
		DC27DDD71D94152D00B2AC52 /* main.swift */ = {isa = PBXFileReference; lastKnownFileType = sourcecode.swift; path = main.swift; sourceTree = "<group>"; };
		DC27DDE01D9484EC00B2AC52 /* 13. 枚举类型 */ = {isa = PBXFileReference; explicitFileType = "compiled.mach-o.executable"; includeInIndex = 0; path = "13. 枚举类型"; sourceTree = BUILT_PRODUCTS_DIR; };
		DC27DDE21D9484EC00B2AC52 /* main.swift */ = {isa = PBXFileReference; lastKnownFileType = sourcecode.swift; path = main.swift; sourceTree = "<group>"; };
		DC27DDEB1D94899F00B2AC52 /* 结构体 */ = {isa = PBXFileReference; explicitFileType = "compiled.mach-o.executable"; includeInIndex = 0; path = "结构体"; sourceTree = BUILT_PRODUCTS_DIR; };
		DC27DDED1D94899F00B2AC52 /* main.swift */ = {isa = PBXFileReference; lastKnownFileType = sourcecode.swift; path = main.swift; sourceTree = "<group>"; };
		DC27DDF61D955B0A00B2AC52 /* 九九乘法表 */ = {isa = PBXFileReference; explicitFileType = "compiled.mach-o.executable"; includeInIndex = 0; path = "九九乘法表"; sourceTree = BUILT_PRODUCTS_DIR; };
		DC27DDF81D955B0A00B2AC52 /* main.swift */ = {isa = PBXFileReference; lastKnownFileType = sourcecode.swift; path = main.swift; sourceTree = "<group>"; };
/* End PBXFileReference section */

/* Begin PBXFrameworksBuildPhase section */
		4C02A8FF1D934E61006960AF /* Frameworks */ = {
			isa = PBXFrameworksBuildPhase;
			buildActionMask = 2147483647;
			files = (
			);
			runOnlyForDeploymentPostprocessing = 0;
		};
		4C02A9181D93571B006960AF /* Frameworks */ = {
			isa = PBXFrameworksBuildPhase;
			buildActionMask = 2147483647;
			files = (
			);
			runOnlyForDeploymentPostprocessing = 0;
		};
		4C02A9231D935A6C006960AF /* Frameworks */ = {
			isa = PBXFrameworksBuildPhase;
			buildActionMask = 2147483647;
			files = (
			);
			runOnlyForDeploymentPostprocessing = 0;
		};
		4C02A92E1D935F00006960AF /* Frameworks */ = {
			isa = PBXFrameworksBuildPhase;
			buildActionMask = 2147483647;
			files = (
			);
			runOnlyForDeploymentPostprocessing = 0;
		};
		4C02A9391D936CAB006960AF /* Frameworks */ = {
			isa = PBXFrameworksBuildPhase;
			buildActionMask = 2147483647;
			files = (
			);
			runOnlyForDeploymentPostprocessing = 0;
		};
		4CA75DB31D94A6E4001407A1 /* Frameworks */ = {
			isa = PBXFrameworksBuildPhase;
			buildActionMask = 2147483647;
			files = (
			);
			runOnlyForDeploymentPostprocessing = 0;
		};
		4CA75DBE1D94A922001407A1 /* Frameworks */ = {
			isa = PBXFrameworksBuildPhase;
			buildActionMask = 2147483647;
			files = (
			);
			runOnlyForDeploymentPostprocessing = 0;
		};
		4CA75DC91D94AE9D001407A1 /* Frameworks */ = {
			isa = PBXFrameworksBuildPhase;
			buildActionMask = 2147483647;
			files = (
			);
			runOnlyForDeploymentPostprocessing = 0;
		};
		4CA75DD41D94B0A2001407A1 /* Frameworks */ = {
			isa = PBXFrameworksBuildPhase;
			buildActionMask = 2147483647;
			files = (
			);
			runOnlyForDeploymentPostprocessing = 0;
		};
		4CA75DDF1D94B178001407A1 /* Frameworks */ = {
			isa = PBXFrameworksBuildPhase;
			buildActionMask = 2147483647;
			files = (
			);
			runOnlyForDeploymentPostprocessing = 0;
		};
		4CA75DEA1D94B1BA001407A1 /* Frameworks */ = {
			isa = PBXFrameworksBuildPhase;
			buildActionMask = 2147483647;
			files = (
			);
			runOnlyForDeploymentPostprocessing = 0;
		};
		4CA75DF51D94B824001407A1 /* Frameworks */ = {
			isa = PBXFrameworksBuildPhase;
			buildActionMask = 2147483647;
			files = (
			);
			runOnlyForDeploymentPostprocessing = 0;
		};
		4CA75E001D94BB5F001407A1 /* Frameworks */ = {
			isa = PBXFrameworksBuildPhase;
			buildActionMask = 2147483647;
			files = (
			);
			runOnlyForDeploymentPostprocessing = 0;
		};
		DC27DD9B1D93FEC000B2AC52 /* Frameworks */ = {
			isa = PBXFrameworksBuildPhase;
			buildActionMask = 2147483647;
			files = (
			);
			runOnlyForDeploymentPostprocessing = 0;
		};
		DC27DDA61D9401E100B2AC52 /* Frameworks */ = {
			isa = PBXFrameworksBuildPhase;
			buildActionMask = 2147483647;
			files = (
			);
			runOnlyForDeploymentPostprocessing = 0;
		};
		DC27DDB11D94050600B2AC52 /* Frameworks */ = {
			isa = PBXFrameworksBuildPhase;
			buildActionMask = 2147483647;
			files = (
			);
			runOnlyForDeploymentPostprocessing = 0;
		};
		DC27DDBC1D9412E100B2AC52 /* Frameworks */ = {
			isa = PBXFrameworksBuildPhase;
			buildActionMask = 2147483647;
			files = (
			);
			runOnlyForDeploymentPostprocessing = 0;
		};
		DC27DDC71D94141500B2AC52 /* Frameworks */ = {
			isa = PBXFrameworksBuildPhase;
			buildActionMask = 2147483647;
			files = (
			);
			runOnlyForDeploymentPostprocessing = 0;
		};
		DC27DDD21D94152D00B2AC52 /* Frameworks */ = {
			isa = PBXFrameworksBuildPhase;
			buildActionMask = 2147483647;
			files = (
			);
			runOnlyForDeploymentPostprocessing = 0;
		};
		DC27DDDD1D9484EC00B2AC52 /* Frameworks */ = {
			isa = PBXFrameworksBuildPhase;
			buildActionMask = 2147483647;
			files = (
			);
			runOnlyForDeploymentPostprocessing = 0;
		};
		DC27DDE81D94899F00B2AC52 /* Frameworks */ = {
			isa = PBXFrameworksBuildPhase;
			buildActionMask = 2147483647;
			files = (
			);
			runOnlyForDeploymentPostprocessing = 0;
		};
		DC27DDF31D955B0A00B2AC52 /* Frameworks */ = {
			isa = PBXFrameworksBuildPhase;
			buildActionMask = 2147483647;
			files = (
			);
			runOnlyForDeploymentPostprocessing = 0;
		};
/* End PBXFrameworksBuildPhase section */

/* Begin PBXGroup section */
		4C02A8F91D934E61006960AF = {
			isa = PBXGroup;
			children = (
				4CA75DE31D94B178001407A1 /* 1.整型类型 */,
				4CA75DD81D94B0A2001407A1 /* 2.浮点类型 */,
				4CA75DEE1D94B1BA001407A1 /* 3.字符串类型 */,
				4C02A9271D935A6C006960AF /* 4.数组 */,
				4C02A9321D935F00006960AF /* 5.字典 */,
				4C02A93D1D936CAB006960AF /* 6.if流程控制 */,
				DC27DD9F1D93FEC000B2AC52 /* 7. switch流程控制 */,
				DC27DDAA1D9401E100B2AC52 /* 8. optional可选参数 */,
				DC27DDB51D94050600B2AC52 /* 9. optional可选参数拆包 */,
				DC27DDC01D9412E100B2AC52 /* 10.认识swift函数 */,
				DC27DDCB1D94141500B2AC52 /* 11.有参数的函数 */,
				DC27DDD61D94152D00B2AC52 /* 12.有返回值的函数 */,
				DC27DDE11D9484EC00B2AC52 /* 13. 枚举类型 */,
				DC27DDEC1D94899F00B2AC52 /* 14.结构体 */,
				4CA75DB71D94A6E4001407A1 /* 15.字符串类型 */,
				4CA75DC21D94A922001407A1 /* 16.截取字符串 */,
				4CA75DCD1D94AE9D001407A1 /* 17.字符串分割 */,
				4CA75DF91D94B824001407A1 /* 18.字符串分析 */,
				4CA75E041D94BB5F001407A1 /* 19.认识emoji */,
				DC27DDF71D955B0A00B2AC52 /* 九九乘法表 */,
				4C02A9031D934E62006960AF /* Products */,
			);
			sourceTree = "<group>";
		};
		4C02A9031D934E62006960AF /* Products */ = {
			isa = PBXGroup;
			children = (
				4C02A9021D934E62006960AF /* Swift基础 */,
				4C02A91B1D93571B006960AF /* 字符串类型 */,
				4C02A9261D935A6C006960AF /* 数组 */,
				4C02A9311D935F00006960AF /* 字典 */,
				4C02A93C1D936CAB006960AF /* Swift流程控制 */,
				DC27DD9E1D93FEC000B2AC52 /* switch循环 */,
				DC27DDA91D9401E100B2AC52 /* optional可选参数 */,
				DC27DDB41D94050600B2AC52 /* 9.optional可选参数拆包 */,
				DC27DDBF1D9412E100B2AC52 /* 10.认识swift函数 */,
				DC27DDCA1D94141500B2AC52 /* 11.有参数的函数 */,
				DC27DDD51D94152D00B2AC52 /* 12.有返回值的函数 */,
				DC27DDE01D9484EC00B2AC52 /* 13. 枚举类型 */,
				DC27DDEB1D94899F00B2AC52 /* 结构体 */,
				4CA75DB61D94A6E4001407A1 /* 15.字符串类型 */,
				4CA75DC11D94A922001407A1 /* 16.截取字符串 */,
				4CA75DCC1D94AE9D001407A1 /* 17.字符串分割 */,
				4CA75DD71D94B0A2001407A1 /* 2.浮点类型 */,
				4CA75DE21D94B178001407A1 /* 1.整型类型 */,
				4CA75DED1D94B1BA001407A1 /* 3.字符串类型 */,
				4CA75DF81D94B824001407A1 /* 18.字符串分析 */,
				4CA75E031D94BB5F001407A1 /* 19.认识emoji */,
				DC27DDF61D955B0A00B2AC52 /* 九九乘法表 */,
			);
			name = Products;
			sourceTree = "<group>";
		};
		4C02A9271D935A6C006960AF /* 4.数组 */ = {
			isa = PBXGroup;
			children = (
				4C02A9281D935A6C006960AF /* main.swift */,
			);
			name = "4.数组";
			path = "数组";
			sourceTree = "<group>";
		};
		4C02A9321D935F00006960AF /* 5.字典 */ = {
			isa = PBXGroup;
			children = (
				4C02A9331D935F00006960AF /* main.swift */,
			);
			name = "5.字典";
			path = "字典";
			sourceTree = "<group>";
		};
		4C02A93D1D936CAB006960AF /* 6.if流程控制 */ = {
			isa = PBXGroup;
			children = (
				4C02A93E1D936CAB006960AF /* main.swift */,
			);
			name = "6.if流程控制";
			path = "Swift流程控制";
			sourceTree = "<group>";
		};
		4CA75DB71D94A6E4001407A1 /* 15.字符串类型 */ = {
			isa = PBXGroup;
			children = (
				4CA75DB81D94A6E4001407A1 /* main.swift */,
			);
			path = "15.字符串类型";
			sourceTree = "<group>";
		};
		4CA75DC21D94A922001407A1 /* 16.截取字符串 */ = {
			isa = PBXGroup;
			children = (
				4CA75DC31D94A922001407A1 /* main.swift */,
			);
			path = "16.截取字符串";
			sourceTree = "<group>";
		};
		4CA75DCD1D94AE9D001407A1 /* 17.字符串分割 */ = {
			isa = PBXGroup;
			children = (
				4CA75DCE1D94AE9D001407A1 /* main.swift */,
			);
			path = "17.字符串分割";
			sourceTree = "<group>";
		};
		4CA75DD81D94B0A2001407A1 /* 2.浮点类型 */ = {
			isa = PBXGroup;
			children = (
				4CA75DD91D94B0A2001407A1 /* main.swift */,
			);
			path = "2.浮点类型";
			sourceTree = "<group>";
		};
		4CA75DE31D94B178001407A1 /* 1.整型类型 */ = {
			isa = PBXGroup;
			children = (
				4CA75DE41D94B178001407A1 /* main.swift */,
			);
			path = "1.整型类型";
			sourceTree = "<group>";
		};
		4CA75DEE1D94B1BA001407A1 /* 3.字符串类型 */ = {
			isa = PBXGroup;
			children = (
				4CA75DEF1D94B1BA001407A1 /* main.swift */,
			);
			path = "3.字符串类型";
			sourceTree = "<group>";
		};
		4CA75DF91D94B824001407A1 /* 18.字符串分析 */ = {
			isa = PBXGroup;
			children = (
				4CA75DFA1D94B824001407A1 /* main.swift */,
			);
			path = "18.字符串分析";
			sourceTree = "<group>";
		};
		4CA75E041D94BB5F001407A1 /* 19.认识emoji */ = {
			isa = PBXGroup;
			children = (
				4CA75E051D94BB5F001407A1 /* main.swift */,
			);
			path = "19.认识emoji";
			sourceTree = "<group>";
		};
		DC27DD9F1D93FEC000B2AC52 /* 7. switch流程控制 */ = {
			isa = PBXGroup;
			children = (
				DC27DDA01D93FEC000B2AC52 /* main.swift */,
			);
			name = "7. switch流程控制";
			path = "switch循环";
			sourceTree = "<group>";
		};
		DC27DDAA1D9401E100B2AC52 /* 8. optional可选参数 */ = {
			isa = PBXGroup;
			children = (
				DC27DDAB1D9401E100B2AC52 /* main.swift */,
			);
			name = "8. optional可选参数";
			path = "optional可选参数";
			sourceTree = "<group>";
		};
		DC27DDB51D94050600B2AC52 /* 9. optional可选参数拆包 */ = {
			isa = PBXGroup;
			children = (
				DC27DDB61D94050600B2AC52 /* main.swift */,
			);
			name = "9. optional可选参数拆包";
			path = "9.optional可选参数拆包";
			sourceTree = "<group>";
		};
		DC27DDC01D9412E100B2AC52 /* 10.认识swift函数 */ = {
			isa = PBXGroup;
			children = (
				DC27DDC11D9412E100B2AC52 /* main.swift */,
			);
			path = "10.认识swift函数";
			sourceTree = "<group>";
		};
		DC27DDCB1D94141500B2AC52 /* 11.有参数的函数 */ = {
			isa = PBXGroup;
			children = (
				DC27DDCC1D94141500B2AC52 /* main.swift */,
			);
			path = "11.有参数的函数";
			sourceTree = "<group>";
		};
		DC27DDD61D94152D00B2AC52 /* 12.有返回值的函数 */ = {
			isa = PBXGroup;
			children = (
				DC27DDD71D94152D00B2AC52 /* main.swift */,
			);
			path = "12.有返回值的函数";
			sourceTree = "<group>";
		};
		DC27DDE11D9484EC00B2AC52 /* 13. 枚举类型 */ = {
			isa = PBXGroup;
			children = (
				DC27DDE21D9484EC00B2AC52 /* main.swift */,
			);
			path = "13. 枚举类型";
			sourceTree = "<group>";
		};
		DC27DDEC1D94899F00B2AC52 /* 14.结构体 */ = {
			isa = PBXGroup;
			children = (
				DC27DDED1D94899F00B2AC52 /* main.swift */,
			);
			name = "14.结构体";
			path = "结构体";
			sourceTree = "<group>";
		};
		DC27DDF71D955B0A00B2AC52 /* 九九乘法表 */ = {
			isa = PBXGroup;
			children = (
				DC27DDF81D955B0A00B2AC52 /* main.swift */,
			);
			path = "九九乘法表";
			sourceTree = "<group>";
		};
/* End PBXGroup section */

/* Begin PBXNativeTarget section */
		4C02A9011D934E61006960AF /* Swift基础 */ = {
			isa = PBXNativeTarget;
			buildConfigurationList = 4C02A9091D934E62006960AF /* Build configuration list for PBXNativeTarget "Swift基础" */;
			buildPhases = (
				4C02A8FE1D934E61006960AF /* Sources */,
				4C02A8FF1D934E61006960AF /* Frameworks */,
				4C02A9001D934E61006960AF /* CopyFiles */,
			);
			buildRules = (
			);
			dependencies = (
			);
			name = "Swift基础";
			productName = "Swift基本数据类型";
			productReference = 4C02A9021D934E62006960AF /* Swift基础 */;
			productType = "com.apple.product-type.tool";
		};
		4C02A91A1D93571B006960AF /* 字符串类型 */ = {
			isa = PBXNativeTarget;
			buildConfigurationList = 4C02A91F1D93571B006960AF /* Build configuration list for PBXNativeTarget "字符串类型" */;
			buildPhases = (
				4C02A9171D93571B006960AF /* Sources */,
				4C02A9181D93571B006960AF /* Frameworks */,
				4C02A9191D93571B006960AF /* CopyFiles */,
			);
			buildRules = (
			);
			dependencies = (
			);
			name = "字符串类型";
			productName = "字符串类型";
			productReference = 4C02A91B1D93571B006960AF /* 字符串类型 */;
			productType = "com.apple.product-type.tool";
		};
		4C02A9251D935A6C006960AF /* 数组 */ = {
			isa = PBXNativeTarget;
			buildConfigurationList = 4C02A92A1D935A6C006960AF /* Build configuration list for PBXNativeTarget "数组" */;
			buildPhases = (
				4C02A9221D935A6C006960AF /* Sources */,
				4C02A9231D935A6C006960AF /* Frameworks */,
				4C02A9241D935A6C006960AF /* CopyFiles */,
			);
			buildRules = (
			);
			dependencies = (
			);
			name = "数组";
			productName = "数组";
			productReference = 4C02A9261D935A6C006960AF /* 数组 */;
			productType = "com.apple.product-type.tool";
		};
		4C02A9301D935F00006960AF /* 字典 */ = {
			isa = PBXNativeTarget;
			buildConfigurationList = 4C02A9351D935F00006960AF /* Build configuration list for PBXNativeTarget "字典" */;
			buildPhases = (
				4C02A92D1D935F00006960AF /* Sources */,
				4C02A92E1D935F00006960AF /* Frameworks */,
				4C02A92F1D935F00006960AF /* CopyFiles */,
			);
			buildRules = (
			);
			dependencies = (
			);
			name = "字典";
			productName = "字典";
			productReference = 4C02A9311D935F00006960AF /* 字典 */;
			productType = "com.apple.product-type.tool";
		};
		4C02A93B1D936CAB006960AF /* Swift流程控制 */ = {
			isa = PBXNativeTarget;
			buildConfigurationList = 4C02A9421D936CAB006960AF /* Build configuration list for PBXNativeTarget "Swift流程控制" */;
			buildPhases = (
				4C02A9381D936CAB006960AF /* Sources */,
				4C02A9391D936CAB006960AF /* Frameworks */,
				4C02A93A1D936CAB006960AF /* CopyFiles */,
			);
			buildRules = (
			);
			dependencies = (
			);
			name = "Swift流程控制";
			productName = "Swift流程控制";
			productReference = 4C02A93C1D936CAB006960AF /* Swift流程控制 */;
			productType = "com.apple.product-type.tool";
		};
		4CA75DB51D94A6E4001407A1 /* 15.字符串类型 */ = {
			isa = PBXNativeTarget;
			buildConfigurationList = 4CA75DBC1D94A6E4001407A1 /* Build configuration list for PBXNativeTarget "15.字符串类型" */;
			buildPhases = (
				4CA75DB21D94A6E4001407A1 /* Sources */,
				4CA75DB31D94A6E4001407A1 /* Frameworks */,
				4CA75DB41D94A6E4001407A1 /* CopyFiles */,
			);
			buildRules = (
			);
			dependencies = (
			);
			name = "15.字符串类型";
			productName = "15.字符串类型";
			productReference = 4CA75DB61D94A6E4001407A1 /* 15.字符串类型 */;
			productType = "com.apple.product-type.tool";
		};
		4CA75DC01D94A922001407A1 /* 16.截取字符串 */ = {
			isa = PBXNativeTarget;
			buildConfigurationList = 4CA75DC51D94A922001407A1 /* Build configuration list for PBXNativeTarget "16.截取字符串" */;
			buildPhases = (
				4CA75DBD1D94A922001407A1 /* Sources */,
				4CA75DBE1D94A922001407A1 /* Frameworks */,
				4CA75DBF1D94A922001407A1 /* CopyFiles */,
			);
			buildRules = (
			);
			dependencies = (
			);
			name = "16.截取字符串";
			productName = "16.截取字符串";
			productReference = 4CA75DC11D94A922001407A1 /* 16.截取字符串 */;
			productType = "com.apple.product-type.tool";
		};
		4CA75DCB1D94AE9D001407A1 /* 17.字符串分割 */ = {
			isa = PBXNativeTarget;
			buildConfigurationList = 4CA75DD01D94AE9D001407A1 /* Build configuration list for PBXNativeTarget "17.字符串分割" */;
			buildPhases = (
				4CA75DC81D94AE9D001407A1 /* Sources */,
				4CA75DC91D94AE9D001407A1 /* Frameworks */,
				4CA75DCA1D94AE9D001407A1 /* CopyFiles */,
			);
			buildRules = (
			);
			dependencies = (
			);
			name = "17.字符串分割";
			productName = "17.字符串分割";
			productReference = 4CA75DCC1D94AE9D001407A1 /* 17.字符串分割 */;
			productType = "com.apple.product-type.tool";
		};
		4CA75DD61D94B0A2001407A1 /* 2.浮点类型 */ = {
			isa = PBXNativeTarget;
			buildConfigurationList = 4CA75DDB1D94B0A2001407A1 /* Build configuration list for PBXNativeTarget "2.浮点类型" */;
			buildPhases = (
				4CA75DD31D94B0A2001407A1 /* Sources */,
				4CA75DD41D94B0A2001407A1 /* Frameworks */,
				4CA75DD51D94B0A2001407A1 /* CopyFiles */,
			);
			buildRules = (
			);
			dependencies = (
			);
			name = "2.浮点类型";
			productName = "2.浮点类型";
			productReference = 4CA75DD71D94B0A2001407A1 /* 2.浮点类型 */;
			productType = "com.apple.product-type.tool";
		};
		4CA75DE11D94B178001407A1 /* 1.整型类型 */ = {
			isa = PBXNativeTarget;
			buildConfigurationList = 4CA75DE61D94B178001407A1 /* Build configuration list for PBXNativeTarget "1.整型类型" */;
			buildPhases = (
				4CA75DDE1D94B178001407A1 /* Sources */,
				4CA75DDF1D94B178001407A1 /* Frameworks */,
				4CA75DE01D94B178001407A1 /* CopyFiles */,
			);
			buildRules = (
			);
			dependencies = (
			);
			name = "1.整型类型";
			productName = "1.整型类型";
			productReference = 4CA75DE21D94B178001407A1 /* 1.整型类型 */;
			productType = "com.apple.product-type.tool";
		};
		4CA75DEC1D94B1BA001407A1 /* 3.字符串类型 */ = {
			isa = PBXNativeTarget;
			buildConfigurationList = 4CA75DF11D94B1BA001407A1 /* Build configuration list for PBXNativeTarget "3.字符串类型" */;
			buildPhases = (
				4CA75DE91D94B1BA001407A1 /* Sources */,
				4CA75DEA1D94B1BA001407A1 /* Frameworks */,
				4CA75DEB1D94B1BA001407A1 /* CopyFiles */,
			);
			buildRules = (
			);
			dependencies = (
			);
			name = "3.字符串类型";
			productName = "3.字符串类型";
			productReference = 4CA75DED1D94B1BA001407A1 /* 3.字符串类型 */;
			productType = "com.apple.product-type.tool";
		};
		4CA75DF71D94B824001407A1 /* 18.字符串分析 */ = {
			isa = PBXNativeTarget;
			buildConfigurationList = 4CA75DFC1D94B824001407A1 /* Build configuration list for PBXNativeTarget "18.字符串分析" */;
			buildPhases = (
				4CA75DF41D94B824001407A1 /* Sources */,
				4CA75DF51D94B824001407A1 /* Frameworks */,
				4CA75DF61D94B824001407A1 /* CopyFiles */,
			);
			buildRules = (
			);
			dependencies = (
			);
			name = "18.字符串分析";
			productName = "18.字符串分析";
			productReference = 4CA75DF81D94B824001407A1 /* 18.字符串分析 */;
			productType = "com.apple.product-type.tool";
		};
		4CA75E021D94BB5F001407A1 /* 19.认识emoji */ = {
			isa = PBXNativeTarget;
			buildConfigurationList = 4CA75E071D94BB5F001407A1 /* Build configuration list for PBXNativeTarget "19.认识emoji" */;
			buildPhases = (
				4CA75DFF1D94BB5F001407A1 /* Sources */,
				4CA75E001D94BB5F001407A1 /* Frameworks */,
				4CA75E011D94BB5F001407A1 /* CopyFiles */,
			);
			buildRules = (
			);
			dependencies = (
			);
			name = "19.认识emoji";
			productName = "19.认识emoji";
			productReference = 4CA75E031D94BB5F001407A1 /* 19.认识emoji */;
			productType = "com.apple.product-type.tool";
		};
		DC27DD9D1D93FEC000B2AC52 /* switch循环 */ = {
			isa = PBXNativeTarget;
			buildConfigurationList = DC27DDA41D93FEC000B2AC52 /* Build configuration list for PBXNativeTarget "switch循环" */;
			buildPhases = (
				DC27DD9A1D93FEC000B2AC52 /* Sources */,
				DC27DD9B1D93FEC000B2AC52 /* Frameworks */,
				DC27DD9C1D93FEC000B2AC52 /* CopyFiles */,
			);
			buildRules = (
			);
			dependencies = (
			);
			name = "switch循环";
			productName = "switch循环";
			productReference = DC27DD9E1D93FEC000B2AC52 /* switch循环 */;
			productType = "com.apple.product-type.tool";
		};
		DC27DDA81D9401E100B2AC52 /* optional可选参数 */ = {
			isa = PBXNativeTarget;
			buildConfigurationList = DC27DDAD1D9401E100B2AC52 /* Build configuration list for PBXNativeTarget "optional可选参数" */;
			buildPhases = (
				DC27DDA51D9401E100B2AC52 /* Sources */,
				DC27DDA61D9401E100B2AC52 /* Frameworks */,
				DC27DDA71D9401E100B2AC52 /* CopyFiles */,
			);
			buildRules = (
			);
			dependencies = (
			);
			name = "optional可选参数";
			productName = "optional可选参数";
			productReference = DC27DDA91D9401E100B2AC52 /* optional可选参数 */;
			productType = "com.apple.product-type.tool";
		};
		DC27DDB31D94050600B2AC52 /* 9.optional可选参数拆包 */ = {
			isa = PBXNativeTarget;
			buildConfigurationList = DC27DDB81D94050600B2AC52 /* Build configuration list for PBXNativeTarget "9.optional可选参数拆包" */;
			buildPhases = (
				DC27DDB01D94050600B2AC52 /* Sources */,
				DC27DDB11D94050600B2AC52 /* Frameworks */,
				DC27DDB21D94050600B2AC52 /* CopyFiles */,
			);
			buildRules = (
			);
			dependencies = (
			);
			name = "9.optional可选参数拆包";
			productName = "9.optional可选参数拆包";
			productReference = DC27DDB41D94050600B2AC52 /* 9.optional可选参数拆包 */;
			productType = "com.apple.product-type.tool";
		};
		DC27DDBE1D9412E100B2AC52 /* 10.认识swift函数 */ = {
			isa = PBXNativeTarget;
			buildConfigurationList = DC27DDC31D9412E100B2AC52 /* Build configuration list for PBXNativeTarget "10.认识swift函数" */;
			buildPhases = (
				DC27DDBB1D9412E100B2AC52 /* Sources */,
				DC27DDBC1D9412E100B2AC52 /* Frameworks */,
				DC27DDBD1D9412E100B2AC52 /* CopyFiles */,
			);
			buildRules = (
			);
			dependencies = (
			);
			name = "10.认识swift函数";
			productName = "10.认识swift函数";
			productReference = DC27DDBF1D9412E100B2AC52 /* 10.认识swift函数 */;
			productType = "com.apple.product-type.tool";
		};
		DC27DDC91D94141500B2AC52 /* 11.有参数的函数 */ = {
			isa = PBXNativeTarget;
			buildConfigurationList = DC27DDCE1D94141500B2AC52 /* Build configuration list for PBXNativeTarget "11.有参数的函数" */;
			buildPhases = (
				DC27DDC61D94141500B2AC52 /* Sources */,
				DC27DDC71D94141500B2AC52 /* Frameworks */,
				DC27DDC81D94141500B2AC52 /* CopyFiles */,
			);
			buildRules = (
			);
			dependencies = (
			);
			name = "11.有参数的函数";
			productName = "11.有参数的函数";
			productReference = DC27DDCA1D94141500B2AC52 /* 11.有参数的函数 */;
			productType = "com.apple.product-type.tool";
		};
		DC27DDD41D94152D00B2AC52 /* 12.有返回值的函数 */ = {
			isa = PBXNativeTarget;
			buildConfigurationList = DC27DDD91D94152D00B2AC52 /* Build configuration list for PBXNativeTarget "12.有返回值的函数" */;
			buildPhases = (
				DC27DDD11D94152D00B2AC52 /* Sources */,
				DC27DDD21D94152D00B2AC52 /* Frameworks */,
				DC27DDD31D94152D00B2AC52 /* CopyFiles */,
			);
			buildRules = (
			);
			dependencies = (
			);
			name = "12.有返回值的函数";
			productName = "12.有返回值的函数";
			productReference = DC27DDD51D94152D00B2AC52 /* 12.有返回值的函数 */;
			productType = "com.apple.product-type.tool";
		};
		DC27DDDF1D9484EC00B2AC52 /* 13. 枚举类型 */ = {
			isa = PBXNativeTarget;
			buildConfigurationList = DC27DDE61D9484EC00B2AC52 /* Build configuration list for PBXNativeTarget "13. 枚举类型" */;
			buildPhases = (
				DC27DDDC1D9484EC00B2AC52 /* Sources */,
				DC27DDDD1D9484EC00B2AC52 /* Frameworks */,
				DC27DDDE1D9484EC00B2AC52 /* CopyFiles */,
			);
			buildRules = (
			);
			dependencies = (
			);
			name = "13. 枚举类型";
			productName = "13. 枚举类型";
			productReference = DC27DDE01D9484EC00B2AC52 /* 13. 枚举类型 */;
			productType = "com.apple.product-type.tool";
		};
		DC27DDEA1D94899F00B2AC52 /* 结构体 */ = {
			isa = PBXNativeTarget;
			buildConfigurationList = DC27DDEF1D94899F00B2AC52 /* Build configuration list for PBXNativeTarget "结构体" */;
			buildPhases = (
				DC27DDE71D94899F00B2AC52 /* Sources */,
				DC27DDE81D94899F00B2AC52 /* Frameworks */,
				DC27DDE91D94899F00B2AC52 /* CopyFiles */,
			);
			buildRules = (
			);
			dependencies = (
			);
			name = "结构体";
			productName = "结构体";
			productReference = DC27DDEB1D94899F00B2AC52 /* 结构体 */;
			productType = "com.apple.product-type.tool";
		};
		DC27DDF51D955B0A00B2AC52 /* 九九乘法表 */ = {
			isa = PBXNativeTarget;
			buildConfigurationList = DC27DDFC1D955B0A00B2AC52 /* Build configuration list for PBXNativeTarget "九九乘法表" */;
			buildPhases = (
				DC27DDF21D955B0A00B2AC52 /* Sources */,
				DC27DDF31D955B0A00B2AC52 /* Frameworks */,
				DC27DDF41D955B0A00B2AC52 /* CopyFiles */,
			);
			buildRules = (
			);
			dependencies = (
			);
			name = "九九乘法表";
			productName = "九九乘法表";
			productReference = DC27DDF61D955B0A00B2AC52 /* 九九乘法表 */;
			productType = "com.apple.product-type.tool";
		};
/* End PBXNativeTarget section */

/* Begin PBXProject section */
		4C02A8FA1D934E61006960AF /* Project object */ = {
			isa = PBXProject;
			attributes = {
				LastSwiftUpdateCheck = 0730;
				LastUpgradeCheck = 0730;
				ORGANIZATIONNAME = yanwanfu;
				TargetAttributes = {
					4C02A9011D934E61006960AF = {
						CreatedOnToolsVersion = 7.3.1;
					};
					4C02A91A1D93571B006960AF = {
						CreatedOnToolsVersion = 7.3.1;
					};
					4C02A9251D935A6C006960AF = {
						CreatedOnToolsVersion = 7.3.1;
					};
					4C02A9301D935F00006960AF = {
						CreatedOnToolsVersion = 7.3.1;
					};
					4C02A93B1D936CAB006960AF = {
						CreatedOnToolsVersion = 7.3.1;
					};
					4CA75DB51D94A6E4001407A1 = {
						CreatedOnToolsVersion = 7.3.1;
					};
					4CA75DC01D94A922001407A1 = {
						CreatedOnToolsVersion = 7.3.1;
					};
					4CA75DCB1D94AE9D001407A1 = {
						CreatedOnToolsVersion = 7.3.1;
					};
					4CA75DD61D94B0A2001407A1 = {
						CreatedOnToolsVersion = 7.3.1;
					};
					4CA75DE11D94B178001407A1 = {
						CreatedOnToolsVersion = 7.3.1;
					};
					4CA75DEC1D94B1BA001407A1 = {
						CreatedOnToolsVersion = 7.3.1;
					};
					4CA75DF71D94B824001407A1 = {
						CreatedOnToolsVersion = 7.3.1;
					};
					4CA75E021D94BB5F001407A1 = {
						CreatedOnToolsVersion = 7.3.1;
					};
					DC27DD9D1D93FEC000B2AC52 = {
						CreatedOnToolsVersion = 7.3.1;
					};
					DC27DDA81D9401E100B2AC52 = {
						CreatedOnToolsVersion = 7.3.1;
					};
					DC27DDB31D94050600B2AC52 = {
						CreatedOnToolsVersion = 7.3.1;
					};
					DC27DDBE1D9412E100B2AC52 = {
						CreatedOnToolsVersion = 7.3.1;
					};
					DC27DDC91D94141500B2AC52 = {
						CreatedOnToolsVersion = 7.3.1;
					};
					DC27DDD41D94152D00B2AC52 = {
						CreatedOnToolsVersion = 7.3.1;
					};
					DC27DDDF1D9484EC00B2AC52 = {
						CreatedOnToolsVersion = 7.3.1;
					};
					DC27DDEA1D94899F00B2AC52 = {
						CreatedOnToolsVersion = 7.3.1;
					};
					DC27DDF51D955B0A00B2AC52 = {
						CreatedOnToolsVersion = 7.3.1;
					};
				};
			};
			buildConfigurationList = 4C02A8FD1D934E61006960AF /* Build configuration list for PBXProject "Swift基础" */;
			compatibilityVersion = "Xcode 3.2";
			developmentRegion = English;
			hasScannedForEncodings = 0;
			knownRegions = (
				en,
			);
			mainGroup = 4C02A8F91D934E61006960AF;
			productRefGroup = 4C02A9031D934E62006960AF /* Products */;
			projectDirPath = "";
			projectRoot = "";
			targets = (
				4CA75DE11D94B178001407A1 /* 1.整型类型 */,
				4C02A9011D934E61006960AF /* Swift基础 */,
				4CA75DD61D94B0A2001407A1 /* 2.浮点类型 */,
				4CA75DEC1D94B1BA001407A1 /* 3.字符串类型 */,
				4C02A91A1D93571B006960AF /* 字符串类型 */,
				4C02A9251D935A6C006960AF /* 数组 */,
				4C02A9301D935F00006960AF /* 字典 */,
				4C02A93B1D936CAB006960AF /* Swift流程控制 */,
				DC27DD9D1D93FEC000B2AC52 /* switch循环 */,
				DC27DDA81D9401E100B2AC52 /* optional可选参数 */,
				DC27DDB31D94050600B2AC52 /* 9.optional可选参数拆包 */,
				DC27DDBE1D9412E100B2AC52 /* 10.认识swift函数 */,
				DC27DDC91D94141500B2AC52 /* 11.有参数的函数 */,
				DC27DDD41D94152D00B2AC52 /* 12.有返回值的函数 */,
				DC27DDDF1D9484EC00B2AC52 /* 13. 枚举类型 */,
				DC27DDEA1D94899F00B2AC52 /* 结构体 */,
				4CA75DB51D94A6E4001407A1 /* 15.字符串类型 */,
				4CA75DC01D94A922001407A1 /* 16.截取字符串 */,
				4CA75DCB1D94AE9D001407A1 /* 17.字符串分割 */,
				4CA75DF71D94B824001407A1 /* 18.字符串分析 */,
				4CA75E021D94BB5F001407A1 /* 19.认识emoji */,
				DC27DDF51D955B0A00B2AC52 /* 九九乘法表 */,
			);
		};
/* End PBXProject section */

/* Begin PBXSourcesBuildPhase section */
		4C02A8FE1D934E61006960AF /* Sources */ = {
			isa = PBXSourcesBuildPhase;
			buildActionMask = 2147483647;
			files = (
			);
			runOnlyForDeploymentPostprocessing = 0;
		};
		4C02A9171D93571B006960AF /* Sources */ = {
			isa = PBXSourcesBuildPhase;
			buildActionMask = 2147483647;
			files = (
			);
			runOnlyForDeploymentPostprocessing = 0;
		};
		4C02A9221D935A6C006960AF /* Sources */ = {
			isa = PBXSourcesBuildPhase;
			buildActionMask = 2147483647;
			files = (
				4C02A9291D935A6C006960AF /* main.swift in Sources */,
			);
			runOnlyForDeploymentPostprocessing = 0;
		};
		4C02A92D1D935F00006960AF /* Sources */ = {
			isa = PBXSourcesBuildPhase;
			buildActionMask = 2147483647;
			files = (
				4C02A9341D935F00006960AF /* main.swift in Sources */,
			);
			runOnlyForDeploymentPostprocessing = 0;
		};
		4C02A9381D936CAB006960AF /* Sources */ = {
			isa = PBXSourcesBuildPhase;
			buildActionMask = 2147483647;
			files = (
				4C02A93F1D936CAB006960AF /* main.swift in Sources */,
			);
			runOnlyForDeploymentPostprocessing = 0;
		};
		4CA75DB21D94A6E4001407A1 /* Sources */ = {
			isa = PBXSourcesBuildPhase;
			buildActionMask = 2147483647;
			files = (
				4CA75DB91D94A6E4001407A1 /* main.swift in Sources */,
			);
			runOnlyForDeploymentPostprocessing = 0;
		};
		4CA75DBD1D94A922001407A1 /* Sources */ = {
			isa = PBXSourcesBuildPhase;
			buildActionMask = 2147483647;
			files = (
				4CA75DC41D94A922001407A1 /* main.swift in Sources */,
			);
			runOnlyForDeploymentPostprocessing = 0;
		};
		4CA75DC81D94AE9D001407A1 /* Sources */ = {
			isa = PBXSourcesBuildPhase;
			buildActionMask = 2147483647;
			files = (
				4CA75DCF1D94AE9D001407A1 /* main.swift in Sources */,
			);
			runOnlyForDeploymentPostprocessing = 0;
		};
		4CA75DD31D94B0A2001407A1 /* Sources */ = {
			isa = PBXSourcesBuildPhase;
			buildActionMask = 2147483647;
			files = (
				4CA75DDA1D94B0A2001407A1 /* main.swift in Sources */,
			);
			runOnlyForDeploymentPostprocessing = 0;
		};
		4CA75DDE1D94B178001407A1 /* Sources */ = {
			isa = PBXSourcesBuildPhase;
			buildActionMask = 2147483647;
			files = (
				4CA75DE51D94B178001407A1 /* main.swift in Sources */,
			);
			runOnlyForDeploymentPostprocessing = 0;
		};
		4CA75DE91D94B1BA001407A1 /* Sources */ = {
			isa = PBXSourcesBuildPhase;
			buildActionMask = 2147483647;
			files = (
				4CA75DF01D94B1BA001407A1 /* main.swift in Sources */,
			);
			runOnlyForDeploymentPostprocessing = 0;
		};
		4CA75DF41D94B824001407A1 /* Sources */ = {
			isa = PBXSourcesBuildPhase;
			buildActionMask = 2147483647;
			files = (
				4CA75DFB1D94B824001407A1 /* main.swift in Sources */,
			);
			runOnlyForDeploymentPostprocessing = 0;
		};
		4CA75DFF1D94BB5F001407A1 /* Sources */ = {
			isa = PBXSourcesBuildPhase;
			buildActionMask = 2147483647;
			files = (
				4CA75E061D94BB5F001407A1 /* main.swift in Sources */,
			);
			runOnlyForDeploymentPostprocessing = 0;
		};
		DC27DD9A1D93FEC000B2AC52 /* Sources */ = {
			isa = PBXSourcesBuildPhase;
			buildActionMask = 2147483647;
			files = (
				DC27DDA11D93FEC000B2AC52 /* main.swift in Sources */,
			);
			runOnlyForDeploymentPostprocessing = 0;
		};
		DC27DDA51D9401E100B2AC52 /* Sources */ = {
			isa = PBXSourcesBuildPhase;
			buildActionMask = 2147483647;
			files = (
				DC27DDAC1D9401E100B2AC52 /* main.swift in Sources */,
			);
			runOnlyForDeploymentPostprocessing = 0;
		};
		DC27DDB01D94050600B2AC52 /* Sources */ = {
			isa = PBXSourcesBuildPhase;
			buildActionMask = 2147483647;
			files = (
				DC27DDB71D94050600B2AC52 /* main.swift in Sources */,
			);
			runOnlyForDeploymentPostprocessing = 0;
		};
		DC27DDBB1D9412E100B2AC52 /* Sources */ = {
			isa = PBXSourcesBuildPhase;
			buildActionMask = 2147483647;
			files = (
				DC27DDC21D9412E100B2AC52 /* main.swift in Sources */,
			);
			runOnlyForDeploymentPostprocessing = 0;
		};
		DC27DDC61D94141500B2AC52 /* Sources */ = {
			isa = PBXSourcesBuildPhase;
			buildActionMask = 2147483647;
			files = (
				DC27DDCD1D94141500B2AC52 /* main.swift in Sources */,
			);
			runOnlyForDeploymentPostprocessing = 0;
		};
		DC27DDD11D94152D00B2AC52 /* Sources */ = {
			isa = PBXSourcesBuildPhase;
			buildActionMask = 2147483647;
			files = (
				DC27DDD81D94152D00B2AC52 /* main.swift in Sources */,
			);
			runOnlyForDeploymentPostprocessing = 0;
		};
		DC27DDDC1D9484EC00B2AC52 /* Sources */ = {
			isa = PBXSourcesBuildPhase;
			buildActionMask = 2147483647;
			files = (
				DC27DDE31D9484EC00B2AC52 /* main.swift in Sources */,
			);
			runOnlyForDeploymentPostprocessing = 0;
		};
		DC27DDE71D94899F00B2AC52 /* Sources */ = {
			isa = PBXSourcesBuildPhase;
			buildActionMask = 2147483647;
			files = (
				DC27DDEE1D94899F00B2AC52 /* main.swift in Sources */,
			);
			runOnlyForDeploymentPostprocessing = 0;
		};
		DC27DDF21D955B0A00B2AC52 /* Sources */ = {
			isa = PBXSourcesBuildPhase;
			buildActionMask = 2147483647;
			files = (
				DC27DDF91D955B0A00B2AC52 /* main.swift in Sources */,
			);
			runOnlyForDeploymentPostprocessing = 0;
		};
/* End PBXSourcesBuildPhase section */

/* Begin XCBuildConfiguration section */
		4C02A9071D934E62006960AF /* Debug */ = {
			isa = XCBuildConfiguration;
			buildSettings = {
				ALWAYS_SEARCH_USER_PATHS = NO;
				CLANG_ANALYZER_NONNULL = YES;
				CLANG_CXX_LANGUAGE_STANDARD = "gnu++0x";
				CLANG_CXX_LIBRARY = "libc++";
				CLANG_ENABLE_MODULES = YES;
				CLANG_ENABLE_OBJC_ARC = YES;
				CLANG_WARN_BOOL_CONVERSION = YES;
				CLANG_WARN_CONSTANT_CONVERSION = YES;
				CLANG_WARN_DIRECT_OBJC_ISA_USAGE = YES_ERROR;
				CLANG_WARN_EMPTY_BODY = YES;
				CLANG_WARN_ENUM_CONVERSION = YES;
				CLANG_WARN_INT_CONVERSION = YES;
				CLANG_WARN_OBJC_ROOT_CLASS = YES_ERROR;
				CLANG_WARN_UNREACHABLE_CODE = YES;
				CLANG_WARN__DUPLICATE_METHOD_MATCH = YES;
				CODE_SIGN_IDENTITY = "-";
				COPY_PHASE_STRIP = NO;
				DEBUG_INFORMATION_FORMAT = dwarf;
				ENABLE_STRICT_OBJC_MSGSEND = YES;
				ENABLE_TESTABILITY = YES;
				GCC_C_LANGUAGE_STANDARD = gnu99;
				GCC_DYNAMIC_NO_PIC = NO;
				GCC_NO_COMMON_BLOCKS = YES;
				GCC_OPTIMIZATION_LEVEL = 0;
				GCC_PREPROCESSOR_DEFINITIONS = (
					"DEBUG=1",
					"$(inherited)",
				);
				GCC_WARN_64_TO_32_BIT_CONVERSION = YES;
				GCC_WARN_ABOUT_RETURN_TYPE = YES_ERROR;
				GCC_WARN_UNDECLARED_SELECTOR = YES;
				GCC_WARN_UNINITIALIZED_AUTOS = YES_AGGRESSIVE;
				GCC_WARN_UNUSED_FUNCTION = YES;
				GCC_WARN_UNUSED_VARIABLE = YES;
				MACOSX_DEPLOYMENT_TARGET = 10.11;
				MTL_ENABLE_DEBUG_INFO = YES;
				ONLY_ACTIVE_ARCH = YES;
				SDKROOT = macosx;
				SWIFT_OPTIMIZATION_LEVEL = "-Onone";
			};
			name = Debug;
		};
		4C02A9081D934E62006960AF /* Release */ = {
			isa = XCBuildConfiguration;
			buildSettings = {
				ALWAYS_SEARCH_USER_PATHS = NO;
				CLANG_ANALYZER_NONNULL = YES;
				CLANG_CXX_LANGUAGE_STANDARD = "gnu++0x";
				CLANG_CXX_LIBRARY = "libc++";
				CLANG_ENABLE_MODULES = YES;
				CLANG_ENABLE_OBJC_ARC = YES;
				CLANG_WARN_BOOL_CONVERSION = YES;
				CLANG_WARN_CONSTANT_CONVERSION = YES;
				CLANG_WARN_DIRECT_OBJC_ISA_USAGE = YES_ERROR;
				CLANG_WARN_EMPTY_BODY = YES;
				CLANG_WARN_ENUM_CONVERSION = YES;
				CLANG_WARN_INT_CONVERSION = YES;
				CLANG_WARN_OBJC_ROOT_CLASS = YES_ERROR;
				CLANG_WARN_UNREACHABLE_CODE = YES;
				CLANG_WARN__DUPLICATE_METHOD_MATCH = YES;
				CODE_SIGN_IDENTITY = "-";
				COPY_PHASE_STRIP = NO;
				DEBUG_INFORMATION_FORMAT = "dwarf-with-dsym";
				ENABLE_NS_ASSERTIONS = NO;
				ENABLE_STRICT_OBJC_MSGSEND = YES;
				GCC_C_LANGUAGE_STANDARD = gnu99;
				GCC_NO_COMMON_BLOCKS = YES;
				GCC_WARN_64_TO_32_BIT_CONVERSION = YES;
				GCC_WARN_ABOUT_RETURN_TYPE = YES_ERROR;
				GCC_WARN_UNDECLARED_SELECTOR = YES;
				GCC_WARN_UNINITIALIZED_AUTOS = YES_AGGRESSIVE;
				GCC_WARN_UNUSED_FUNCTION = YES;
				GCC_WARN_UNUSED_VARIABLE = YES;
				MACOSX_DEPLOYMENT_TARGET = 10.11;
				MTL_ENABLE_DEBUG_INFO = NO;
				SDKROOT = macosx;
			};
			name = Release;
		};
		4C02A90A1D934E62006960AF /* Debug */ = {
			isa = XCBuildConfiguration;
			buildSettings = {
				PRODUCT_NAME = "Swift基础";
			};
			name = Debug;
		};
		4C02A90B1D934E62006960AF /* Release */ = {
			isa = XCBuildConfiguration;
			buildSettings = {
				PRODUCT_NAME = "Swift基础";
			};
			name = Release;
		};
		4C02A9201D93571B006960AF /* Debug */ = {
			isa = XCBuildConfiguration;
			buildSettings = {
				PRODUCT_NAME = "$(TARGET_NAME)";
			};
			name = Debug;
		};
		4C02A9211D93571B006960AF /* Release */ = {
			isa = XCBuildConfiguration;
			buildSettings = {
				PRODUCT_NAME = "$(TARGET_NAME)";
			};
			name = Release;
		};
		4C02A92B1D935A6C006960AF /* Debug */ = {
			isa = XCBuildConfiguration;
			buildSettings = {
				PRODUCT_NAME = "$(TARGET_NAME)";
			};
			name = Debug;
		};
		4C02A92C1D935A6C006960AF /* Release */ = {
			isa = XCBuildConfiguration;
			buildSettings = {
				PRODUCT_NAME = "$(TARGET_NAME)";
			};
			name = Release;
		};
		4C02A9361D935F00006960AF /* Debug */ = {
			isa = XCBuildConfiguration;
			buildSettings = {
				PRODUCT_NAME = "$(TARGET_NAME)";
			};
			name = Debug;
		};
		4C02A9371D935F00006960AF /* Release */ = {
			isa = XCBuildConfiguration;
			buildSettings = {
				PRODUCT_NAME = "$(TARGET_NAME)";
			};
			name = Release;
		};
		4C02A9401D936CAB006960AF /* Debug */ = {
			isa = XCBuildConfiguration;
			buildSettings = {
				PRODUCT_NAME = "$(TARGET_NAME)";
			};
			name = Debug;
		};
		4C02A9411D936CAB006960AF /* Release */ = {
			isa = XCBuildConfiguration;
			buildSettings = {
				PRODUCT_NAME = "$(TARGET_NAME)";
			};
			name = Release;
		};
		4CA75DBA1D94A6E4001407A1 /* Debug */ = {
			isa = XCBuildConfiguration;
			buildSettings = {
				PRODUCT_NAME = "$(TARGET_NAME)";
			};
			name = Debug;
		};
		4CA75DBB1D94A6E4001407A1 /* Release */ = {
			isa = XCBuildConfiguration;
			buildSettings = {
				PRODUCT_NAME = "$(TARGET_NAME)";
			};
			name = Release;
		};
		4CA75DC61D94A922001407A1 /* Debug */ = {
			isa = XCBuildConfiguration;
			buildSettings = {
				PRODUCT_NAME = "$(TARGET_NAME)";
			};
			name = Debug;
		};
		4CA75DC71D94A922001407A1 /* Release */ = {
			isa = XCBuildConfiguration;
			buildSettings = {
				PRODUCT_NAME = "$(TARGET_NAME)";
			};
			name = Release;
		};
		4CA75DD11D94AE9D001407A1 /* Debug */ = {
			isa = XCBuildConfiguration;
			buildSettings = {
				PRODUCT_NAME = "$(TARGET_NAME)";
			};
			name = Debug;
		};
		4CA75DD21D94AE9D001407A1 /* Release */ = {
			isa = XCBuildConfiguration;
			buildSettings = {
				PRODUCT_NAME = "$(TARGET_NAME)";
			};
			name = Release;
		};
		4CA75DDC1D94B0A2001407A1 /* Debug */ = {
			isa = XCBuildConfiguration;
			buildSettings = {
				PRODUCT_NAME = "$(TARGET_NAME)";
			};
			name = Debug;
		};
		4CA75DDD1D94B0A2001407A1 /* Release */ = {
			isa = XCBuildConfiguration;
			buildSettings = {
				PRODUCT_NAME = "$(TARGET_NAME)";
			};
			name = Release;
		};
		4CA75DE71D94B178001407A1 /* Debug */ = {
			isa = XCBuildConfiguration;
			buildSettings = {
				PRODUCT_NAME = "$(TARGET_NAME)";
			};
			name = Debug;
		};
		4CA75DE81D94B178001407A1 /* Release */ = {
			isa = XCBuildConfiguration;
			buildSettings = {
				PRODUCT_NAME = "$(TARGET_NAME)";
			};
			name = Release;
		};
		4CA75DF21D94B1BA001407A1 /* Debug */ = {
			isa = XCBuildConfiguration;
			buildSettings = {
				PRODUCT_NAME = "$(TARGET_NAME)";
			};
			name = Debug;
		};
		4CA75DF31D94B1BA001407A1 /* Release */ = {
			isa = XCBuildConfiguration;
			buildSettings = {
				PRODUCT_NAME = "$(TARGET_NAME)";
			};
			name = Release;
		};
		4CA75DFD1D94B824001407A1 /* Debug */ = {
			isa = XCBuildConfiguration;
			buildSettings = {
				PRODUCT_NAME = "$(TARGET_NAME)";
			};
			name = Debug;
		};
		4CA75DFE1D94B824001407A1 /* Release */ = {
			isa = XCBuildConfiguration;
			buildSettings = {
				PRODUCT_NAME = "$(TARGET_NAME)";
			};
			name = Release;
		};
		4CA75E081D94BB5F001407A1 /* Debug */ = {
			isa = XCBuildConfiguration;
			buildSettings = {
				PRODUCT_NAME = "$(TARGET_NAME)";
			};
			name = Debug;
		};
		4CA75E091D94BB5F001407A1 /* Release */ = {
			isa = XCBuildConfiguration;
			buildSettings = {
				PRODUCT_NAME = "$(TARGET_NAME)";
			};
			name = Release;
		};
		DC27DDA21D93FEC000B2AC52 /* Debug */ = {
			isa = XCBuildConfiguration;
			buildSettings = {
				PRODUCT_NAME = "$(TARGET_NAME)";
			};
			name = Debug;
		};
		DC27DDA31D93FEC000B2AC52 /* Release */ = {
			isa = XCBuildConfiguration;
			buildSettings = {
				PRODUCT_NAME = "$(TARGET_NAME)";
			};
			name = Release;
		};
		DC27DDAE1D9401E100B2AC52 /* Debug */ = {
			isa = XCBuildConfiguration;
			buildSettings = {
				PRODUCT_NAME = "$(TARGET_NAME)";
			};
			name = Debug;
		};
		DC27DDAF1D9401E100B2AC52 /* Release */ = {
			isa = XCBuildConfiguration;
			buildSettings = {
				PRODUCT_NAME = "$(TARGET_NAME)";
			};
			name = Release;
		};
		DC27DDB91D94050600B2AC52 /* Debug */ = {
			isa = XCBuildConfiguration;
			buildSettings = {
				PRODUCT_NAME = "$(TARGET_NAME)";
			};
			name = Debug;
		};
		DC27DDBA1D94050600B2AC52 /* Release */ = {
			isa = XCBuildConfiguration;
			buildSettings = {
				PRODUCT_NAME = "$(TARGET_NAME)";
			};
			name = Release;
		};
		DC27DDC41D9412E100B2AC52 /* Debug */ = {
			isa = XCBuildConfiguration;
			buildSettings = {
				PRODUCT_NAME = "$(TARGET_NAME)";
			};
			name = Debug;
		};
		DC27DDC51D9412E100B2AC52 /* Release */ = {
			isa = XCBuildConfiguration;
			buildSettings = {
				PRODUCT_NAME = "$(TARGET_NAME)";
			};
			name = Release;
		};
		DC27DDCF1D94141500B2AC52 /* Debug */ = {
			isa = XCBuildConfiguration;
			buildSettings = {
				PRODUCT_NAME = "$(TARGET_NAME)";
			};
			name = Debug;
		};
		DC27DDD01D94141500B2AC52 /* Release */ = {
			isa = XCBuildConfiguration;
			buildSettings = {
				PRODUCT_NAME = "$(TARGET_NAME)";
			};
			name = Release;
		};
		DC27DDDA1D94152D00B2AC52 /* Debug */ = {
			isa = XCBuildConfiguration;
			buildSettings = {
				PRODUCT_NAME = "$(TARGET_NAME)";
			};
			name = Debug;
		};
		DC27DDDB1D94152D00B2AC52 /* Release */ = {
			isa = XCBuildConfiguration;
			buildSettings = {
				PRODUCT_NAME = "$(TARGET_NAME)";
			};
			name = Release;
		};
		DC27DDE41D9484EC00B2AC52 /* Debug */ = {
			isa = XCBuildConfiguration;
			buildSettings = {
				PRODUCT_NAME = "$(TARGET_NAME)";
			};
			name = Debug;
		};
		DC27DDE51D9484EC00B2AC52 /* Release */ = {
			isa = XCBuildConfiguration;
			buildSettings = {
				PRODUCT_NAME = "$(TARGET_NAME)";
			};
			name = Release;
		};
		DC27DDF01D94899F00B2AC52 /* Debug */ = {
			isa = XCBuildConfiguration;
			buildSettings = {
				PRODUCT_NAME = "$(TARGET_NAME)";
			};
			name = Debug;
		};
		DC27DDF11D94899F00B2AC52 /* Release */ = {
			isa = XCBuildConfiguration;
			buildSettings = {
				PRODUCT_NAME = "$(TARGET_NAME)";
			};
			name = Release;
		};
		DC27DDFA1D955B0A00B2AC52 /* Debug */ = {
			isa = XCBuildConfiguration;
			buildSettings = {
				PRODUCT_NAME = "$(TARGET_NAME)";
			};
			name = Debug;
		};
		DC27DDFB1D955B0A00B2AC52 /* Release */ = {
			isa = XCBuildConfiguration;
			buildSettings = {
				PRODUCT_NAME = "$(TARGET_NAME)";
			};
			name = Release;
		};
/* End XCBuildConfiguration section */

/* Begin XCConfigurationList section */
		4C02A8FD1D934E61006960AF /* Build configuration list for PBXProject "Swift基础" */ = {
			isa = XCConfigurationList;
			buildConfigurations = (
				4C02A9071D934E62006960AF /* Debug */,
				4C02A9081D934E62006960AF /* Release */,
			);
			defaultConfigurationIsVisible = 0;
			defaultConfigurationName = Release;
		};
		4C02A9091D934E62006960AF /* Build configuration list for PBXNativeTarget "Swift基础" */ = {
			isa = XCConfigurationList;
			buildConfigurations = (
				4C02A90A1D934E62006960AF /* Debug */,
				4C02A90B1D934E62006960AF /* Release */,
			);
			defaultConfigurationIsVisible = 0;
			defaultConfigurationName = Release;
		};
		4C02A91F1D93571B006960AF /* Build configuration list for PBXNativeTarget "字符串类型" */ = {
			isa = XCConfigurationList;
			buildConfigurations = (
				4C02A9201D93571B006960AF /* Debug */,
				4C02A9211D93571B006960AF /* Release */,
			);
			defaultConfigurationIsVisible = 0;
			defaultConfigurationName = Release;
		};
		4C02A92A1D935A6C006960AF /* Build configuration list for PBXNativeTarget "数组" */ = {
			isa = XCConfigurationList;
			buildConfigurations = (
				4C02A92B1D935A6C006960AF /* Debug */,
				4C02A92C1D935A6C006960AF /* Release */,
			);
			defaultConfigurationIsVisible = 0;
			defaultConfigurationName = Release;
		};
		4C02A9351D935F00006960AF /* Build configuration list for PBXNativeTarget "字典" */ = {
			isa = XCConfigurationList;
			buildConfigurations = (
				4C02A9361D935F00006960AF /* Debug */,
				4C02A9371D935F00006960AF /* Release */,
			);
			defaultConfigurationIsVisible = 0;
			defaultConfigurationName = Release;
		};
		4C02A9421D936CAB006960AF /* Build configuration list for PBXNativeTarget "Swift流程控制" */ = {
			isa = XCConfigurationList;
			buildConfigurations = (
				4C02A9401D936CAB006960AF /* Debug */,
				4C02A9411D936CAB006960AF /* Release */,
			);
			defaultConfigurationIsVisible = 0;
			defaultConfigurationName = Release;
		};
		4CA75DBC1D94A6E4001407A1 /* Build configuration list for PBXNativeTarget "15.字符串类型" */ = {
			isa = XCConfigurationList;
			buildConfigurations = (
				4CA75DBA1D94A6E4001407A1 /* Debug */,
				4CA75DBB1D94A6E4001407A1 /* Release */,
			);
			defaultConfigurationIsVisible = 0;
			defaultConfigurationName = Release;
		};
		4CA75DC51D94A922001407A1 /* Build configuration list for PBXNativeTarget "16.截取字符串" */ = {
			isa = XCConfigurationList;
			buildConfigurations = (
				4CA75DC61D94A922001407A1 /* Debug */,
				4CA75DC71D94A922001407A1 /* Release */,
			);
			defaultConfigurationIsVisible = 0;
			defaultConfigurationName = Release;
		};
		4CA75DD01D94AE9D001407A1 /* Build configuration list for PBXNativeTarget "17.字符串分割" */ = {
			isa = XCConfigurationList;
			buildConfigurations = (
				4CA75DD11D94AE9D001407A1 /* Debug */,
				4CA75DD21D94AE9D001407A1 /* Release */,
			);
			defaultConfigurationIsVisible = 0;
			defaultConfigurationName = Release;
		};
		4CA75DDB1D94B0A2001407A1 /* Build configuration list for PBXNativeTarget "2.浮点类型" */ = {
			isa = XCConfigurationList;
			buildConfigurations = (
				4CA75DDC1D94B0A2001407A1 /* Debug */,
				4CA75DDD1D94B0A2001407A1 /* Release */,
			);
			defaultConfigurationIsVisible = 0;
			defaultConfigurationName = Release;
		};
		4CA75DE61D94B178001407A1 /* Build configuration list for PBXNativeTarget "1.整型类型" */ = {
			isa = XCConfigurationList;
			buildConfigurations = (
				4CA75DE71D94B178001407A1 /* Debug */,
				4CA75DE81D94B178001407A1 /* Release */,
			);
			defaultConfigurationIsVisible = 0;
			defaultConfigurationName = Release;
		};
		4CA75DF11D94B1BA001407A1 /* Build configuration list for PBXNativeTarget "3.字符串类型" */ = {
			isa = XCConfigurationList;
			buildConfigurations = (
				4CA75DF21D94B1BA001407A1 /* Debug */,
				4CA75DF31D94B1BA001407A1 /* Release */,
			);
			defaultConfigurationIsVisible = 0;
			defaultConfigurationName = Release;
		};
		4CA75DFC1D94B824001407A1 /* Build configuration list for PBXNativeTarget "18.字符串分析" */ = {
			isa = XCConfigurationList;
			buildConfigurations = (
				4CA75DFD1D94B824001407A1 /* Debug */,
				4CA75DFE1D94B824001407A1 /* Release */,
			);
			defaultConfigurationIsVisible = 0;
			defaultConfigurationName = Release;
		};
		4CA75E071D94BB5F001407A1 /* Build configuration list for PBXNativeTarget "19.认识emoji" */ = {
			isa = XCConfigurationList;
			buildConfigurations = (
				4CA75E081D94BB5F001407A1 /* Debug */,
				4CA75E091D94BB5F001407A1 /* Release */,
			);
			defaultConfigurationIsVisible = 0;
			defaultConfigurationName = Release;
		};
		DC27DDA41D93FEC000B2AC52 /* Build configuration list for PBXNativeTarget "switch循环" */ = {
			isa = XCConfigurationList;
			buildConfigurations = (
				DC27DDA21D93FEC000B2AC52 /* Debug */,
				DC27DDA31D93FEC000B2AC52 /* Release */,
			);
			defaultConfigurationIsVisible = 0;
			defaultConfigurationName = Release;
		};
		DC27DDAD1D9401E100B2AC52 /* Build configuration list for PBXNativeTarget "optional可选参数" */ = {
			isa = XCConfigurationList;
			buildConfigurations = (
				DC27DDAE1D9401E100B2AC52 /* Debug */,
				DC27DDAF1D9401E100B2AC52 /* Release */,
			);
			defaultConfigurationIsVisible = 0;
			defaultConfigurationName = Release;
		};
		DC27DDB81D94050600B2AC52 /* Build configuration list for PBXNativeTarget "9.optional可选参数拆包" */ = {
			isa = XCConfigurationList;
			buildConfigurations = (
				DC27DDB91D94050600B2AC52 /* Debug */,
				DC27DDBA1D94050600B2AC52 /* Release */,
			);
			defaultConfigurationIsVisible = 0;
			defaultConfigurationName = Release;
		};
		DC27DDC31D9412E100B2AC52 /* Build configuration list for PBXNativeTarget "10.认识swift函数" */ = {
			isa = XCConfigurationList;
			buildConfigurations = (
				DC27DDC41D9412E100B2AC52 /* Debug */,
				DC27DDC51D9412E100B2AC52 /* Release */,
			);
			defaultConfigurationIsVisible = 0;
			defaultConfigurationName = Release;
		};
		DC27DDCE1D94141500B2AC52 /* Build configuration list for PBXNativeTarget "11.有参数的函数" */ = {
			isa = XCConfigurationList;
			buildConfigurations = (
				DC27DDCF1D94141500B2AC52 /* Debug */,
				DC27DDD01D94141500B2AC52 /* Release */,
			);
			defaultConfigurationIsVisible = 0;
			defaultConfigurationName = Release;
		};
		DC27DDD91D94152D00B2AC52 /* Build configuration list for PBXNativeTarget "12.有返回值的函数" */ = {
			isa = XCConfigurationList;
			buildConfigurations = (
				DC27DDDA1D94152D00B2AC52 /* Debug */,
				DC27DDDB1D94152D00B2AC52 /* Release */,
			);
			defaultConfigurationIsVisible = 0;
			defaultConfigurationName = Release;
		};
		DC27DDE61D9484EC00B2AC52 /* Build configuration list for PBXNativeTarget "13. 枚举类型" */ = {
			isa = XCConfigurationList;
			buildConfigurations = (
				DC27DDE41D9484EC00B2AC52 /* Debug */,
				DC27DDE51D9484EC00B2AC52 /* Release */,
			);
			defaultConfigurationIsVisible = 0;
			defaultConfigurationName = Release;
		};
		DC27DDEF1D94899F00B2AC52 /* Build configuration list for PBXNativeTarget "结构体" */ = {
			isa = XCConfigurationList;
			buildConfigurations = (
				DC27DDF01D94899F00B2AC52 /* Debug */,
				DC27DDF11D94899F00B2AC52 /* Release */,
			);
			defaultConfigurationIsVisible = 0;
			defaultConfigurationName = Release;
		};
		DC27DDFC1D955B0A00B2AC52 /* Build configuration list for PBXNativeTarget "九九乘法表" */ = {
			isa = XCConfigurationList;
			buildConfigurations = (
				DC27DDFA1D955B0A00B2AC52 /* Debug */,
				DC27DDFB1D955B0A00B2AC52 /* Release */,
			);
			defaultConfigurationIsVisible = 0;
		};
/* End XCConfigurationList section */
	};
	rootObject = 4C02A8FA1D934E61006960AF /* Project object */;
}
